dependencies:
  idf:
    component_hash: null
    source:
      type: idf
    version: 5.2.0
  nimble_central_utils:
    component_hash: null
    source:
      path: /opt/esp/idf/examples/bluetooth/nimble/common/nimble_central_utils
      type: local
    version: '*'
manifest_hash: 513fb67412e21a96c069dbdfd5dceff79c4d4615bbf157a921547643c1aeee1f
target: esp32
version: 1.0.0
