dependencies:
  espressif/ssd1306:
    component_hash: bb9d18fd14ba2b11ca7ce426fc059e3ae7c44e7635e3a62eeae9e44c2ca0db46
    source:
      service_url: https://api.components.espressif.com/
      type: service
    version: 1.0.5
  idf:
    component_hash: null
    source:
      type: idf
    version: 5.2.0
manifest_hash: d4882a13bc1cedc7b333f553ef4c2c299d9e8edf2b077773c71c46286a9b5c5e
target: esp32
version: 1.0.0
